
Microsoft Visual Studio Solution File, Format Version 12.00
# Visual Studio Version 16
VisualStudioVersion = 16.0.30611.23
MinimumVisualStudioVersion = 10.0.40219.1
Project("{FAE04EC0-301F-11D3-BF4B-00C04F79EFBC}") = "MVCCustomer", "MVCCustomer.csproj", "{9BA4B4F9-6090-4B39-ACC2-4769558D659D}"
EndProject
Global
	GlobalSection(SolutionConfigurationPlatforms) = preSolution
		Debug|Any CPU = Debug|Any CPU
		Release|Any CPU = Release|Any CPU
	EndGlobalSection
	GlobalSection(ProjectConfigurationPlatforms) = postSolution
		{9BA4B4F9-6090-4B39-ACC2-4769558D659D}.Debug|Any CPU.ActiveCfg = Debug|Any CPU
		{9BA4B4F9-6090-4B39-ACC2-4769558D659D}.Debug|Any CPU.Build.0 = Debug|Any CPU
		{9BA4B4F9-6090-4B39-ACC2-4769558D659D}.Release|Any CPU.ActiveCfg = Release|Any CPU
		{9BA4B4F9-6090-4B39-ACC2-4769558D659D}.Release|Any CPU.Build.0 = Release|Any CPU
	EndGlobalSection
	GlobalSection(SolutionProperties) = preSolution
		HideSolutionNode = FALSE
	EndGlobalSection
	GlobalSection(ExtensibilityGlobals) = postSolution
		SolutionGuid = {0AC66C00-2C2F-4739-80C5-E152D981896C}
	EndGlobalSection
EndGlobal
